
Microsoft Visual Studio Solution File, Format Version 12.00
# Visual Studio Version 17
VisualStudioVersion = 17.8.34330.188
MinimumVisualStudioVersion = 10.0.40219.1
Project("{2150E333-8FDC-42A3-9474-1A3956D46DE8}") = "src", "src", "{924EBCB3-F83A-4212-AD1C-5A0E63282507}"
EndProject
Project("{2150E333-8FDC-42A3-9474-1A3956D46DE8}") = "Core", "Core", "{5053D222-05D1-457B-8C98-E3C6159A15B3}"
EndProject
Project("{2150E333-8FDC-42A3-9474-1A3956D46DE8}") = "Infraestructure", "Infraestructure", "{7624CAEB-EBC8-499D-8DDE-21BAF65264E7}"
EndProject
Project("{2150E333-8FDC-42A3-9474-1A3956D46DE8}") = "Presentation", "Presentation", "{A44A0112-DA2F-4412-B07D-8692E051F332}"
EndProject
Project("{9A19103F-16F7-4668-BE54-9A1E7A4F7556}") = "Application", "Application\Application.csproj", "{F2174B43-0889-4EE3-B2D5-15E9CFED1B88}"
EndProject
Project("{9A19103F-16F7-4668-BE54-9A1E7A4F7556}") = "Domain", "Domain\Domain.csproj", "{10560380-93D0-442E-9821-039C440E5767}"
EndProject
Project("{9A19103F-16F7-4668-BE54-9A1E7A4F7556}") = "Persistence", "Persistence\Persistence.csproj", "{90664696-CA25-4CA3-A1BC-70F631E7C00E}"
EndProject
Project("{9A19103F-16F7-4668-BE54-9A1E7A4F7556}") = "Shared", "Shared\Shared.csproj", "{33570040-B843-4B37-8E3B-1B60B5337B7D}"
EndProject
Project("{9A19103F-16F7-4668-BE54-9A1E7A4F7556}") = "WebAPI", "WebAPI\WebAPI.csproj", "{466A089B-398A-49E5-9294-53AE4A346F08}"
EndProject
Project("{FAE04EC0-301F-11D3-BF4B-00C04F79EFBC}") = "Identity", "Identity\Identity.csproj", "{8EA737F6-A63D-4FF3-AC2D-864D734C37BA}"
EndProject
Global
	GlobalSection(SolutionConfigurationPlatforms) = preSolution
		Debug|Any CPU = Debug|Any CPU
		Release|Any CPU = Release|Any CPU
	EndGlobalSection
	GlobalSection(ProjectConfigurationPlatforms) = postSolution
		{F2174B43-0889-4EE3-B2D5-15E9CFED1B88}.Debug|Any CPU.ActiveCfg = Debug|Any CPU
		{F2174B43-0889-4EE3-B2D5-15E9CFED1B88}.Debug|Any CPU.Build.0 = Debug|Any CPU
		{F2174B43-0889-4EE3-B2D5-15E9CFED1B88}.Release|Any CPU.ActiveCfg = Release|Any CPU
		{F2174B43-0889-4EE3-B2D5-15E9CFED1B88}.Release|Any CPU.Build.0 = Release|Any CPU
		{10560380-93D0-442E-9821-039C440E5767}.Debug|Any CPU.ActiveCfg = Debug|Any CPU
		{10560380-93D0-442E-9821-039C440E5767}.Debug|Any CPU.Build.0 = Debug|Any CPU
		{10560380-93D0-442E-9821-039C440E5767}.Release|Any CPU.ActiveCfg = Release|Any CPU
		{10560380-93D0-442E-9821-039C440E5767}.Release|Any CPU.Build.0 = Release|Any CPU
		{90664696-CA25-4CA3-A1BC-70F631E7C00E}.Debug|Any CPU.ActiveCfg = Debug|Any CPU
		{90664696-CA25-4CA3-A1BC-70F631E7C00E}.Debug|Any CPU.Build.0 = Debug|Any CPU
		{90664696-CA25-4CA3-A1BC-70F631E7C00E}.Release|Any CPU.ActiveCfg = Release|Any CPU
		{90664696-CA25-4CA3-A1BC-70F631E7C00E}.Release|Any CPU.Build.0 = Release|Any CPU
		{33570040-B843-4B37-8E3B-1B60B5337B7D}.Debug|Any CPU.ActiveCfg = Debug|Any CPU
		{33570040-B843-4B37-8E3B-1B60B5337B7D}.Debug|Any CPU.Build.0 = Debug|Any CPU
		{33570040-B843-4B37-8E3B-1B60B5337B7D}.Release|Any CPU.ActiveCfg = Release|Any CPU
		{33570040-B843-4B37-8E3B-1B60B5337B7D}.Release|Any CPU.Build.0 = Release|Any CPU
		{466A089B-398A-49E5-9294-53AE4A346F08}.Debug|Any CPU.ActiveCfg = Debug|Any CPU
		{466A089B-398A-49E5-9294-53AE4A346F08}.Debug|Any CPU.Build.0 = Debug|Any CPU
		{466A089B-398A-49E5-9294-53AE4A346F08}.Release|Any CPU.ActiveCfg = Release|Any CPU
		{466A089B-398A-49E5-9294-53AE4A346F08}.Release|Any CPU.Build.0 = Release|Any CPU
		{8EA737F6-A63D-4FF3-AC2D-864D734C37BA}.Debug|Any CPU.ActiveCfg = Debug|Any CPU
		{8EA737F6-A63D-4FF3-AC2D-864D734C37BA}.Debug|Any CPU.Build.0 = Debug|Any CPU
		{8EA737F6-A63D-4FF3-AC2D-864D734C37BA}.Release|Any CPU.ActiveCfg = Release|Any CPU
		{8EA737F6-A63D-4FF3-AC2D-864D734C37BA}.Release|Any CPU.Build.0 = Release|Any CPU
	EndGlobalSection
	GlobalSection(SolutionProperties) = preSolution
		HideSolutionNode = FALSE
	EndGlobalSection
	GlobalSection(NestedProjects) = preSolution
		{5053D222-05D1-457B-8C98-E3C6159A15B3} = {924EBCB3-F83A-4212-AD1C-5A0E63282507}
		{7624CAEB-EBC8-499D-8DDE-21BAF65264E7} = {924EBCB3-F83A-4212-AD1C-5A0E63282507}
		{A44A0112-DA2F-4412-B07D-8692E051F332} = {924EBCB3-F83A-4212-AD1C-5A0E63282507}
		{F2174B43-0889-4EE3-B2D5-15E9CFED1B88} = {5053D222-05D1-457B-8C98-E3C6159A15B3}
		{10560380-93D0-442E-9821-039C440E5767} = {5053D222-05D1-457B-8C98-E3C6159A15B3}
		{90664696-CA25-4CA3-A1BC-70F631E7C00E} = {7624CAEB-EBC8-499D-8DDE-21BAF65264E7}
		{33570040-B843-4B37-8E3B-1B60B5337B7D} = {7624CAEB-EBC8-499D-8DDE-21BAF65264E7}
		{466A089B-398A-49E5-9294-53AE4A346F08} = {A44A0112-DA2F-4412-B07D-8692E051F332}
		{8EA737F6-A63D-4FF3-AC2D-864D734C37BA} = {7624CAEB-EBC8-499D-8DDE-21BAF65264E7}
	EndGlobalSection
	GlobalSection(ExtensibilityGlobals) = postSolution
		SolutionGuid = {7E237999-0366-47B7-904F-049401503FC7}
	EndGlobalSection
EndGlobal
